
Microsoft Visual Studio Solution File, Format Version 12.00
# Visual Studio 15
VisualStudioVersion = 15.0.28307.106
MinimumVisualStudioVersion = 10.0.40219.1
Project("{9A19103F-16F7-4668-BE54-9A1E7A4F7556}") = "Borsdata.Api.CSharpClient", "Borsdata.Api.CSharpClient\Borsdata.Api.CSharpClient.csproj", "{6740C2DE-2476-44DF-80E1-171A92197D60}"
EndProject
Project("{9A19103F-16F7-4668-BE54-9A1E7A4F7556}") = "Borsdata.Api.Dal", "Borsdata.Api.Dal\Borsdata.Api.Dal.csproj", "{2A790AF0-B68B-47D4-89ED-5011E1549B7D}"
EndProject
Global
	GlobalSection(SolutionConfigurationPlatforms) = preSolution
		Debug|Any CPU = Debug|Any CPU
		Release|Any CPU = Release|Any CPU
	EndGlobalSection
	GlobalSection(ProjectConfigurationPlatforms) = postSolution
		{6740C2DE-2476-44DF-80E1-171A92197D60}.Debug|Any CPU.ActiveCfg = Debug|Any CPU
		{6740C2DE-2476-44DF-80E1-171A92197D60}.Debug|Any CPU.Build.0 = Debug|Any CPU
		{6740C2DE-2476-44DF-80E1-171A92197D60}.Release|Any CPU.ActiveCfg = Release|Any CPU
		{6740C2DE-2476-44DF-80E1-171A92197D60}.Release|Any CPU.Build.0 = Release|Any CPU
		{2A790AF0-B68B-47D4-89ED-5011E1549B7D}.Debug|Any CPU.ActiveCfg = Debug|Any CPU
		{2A790AF0-B68B-47D4-89ED-5011E1549B7D}.Debug|Any CPU.Build.0 = Debug|Any CPU
		{2A790AF0-B68B-47D4-89ED-5011E1549B7D}.Release|Any CPU.ActiveCfg = Release|Any CPU
		{2A790AF0-B68B-47D4-89ED-5011E1549B7D}.Release|Any CPU.Build.0 = Release|Any CPU
	EndGlobalSection
	GlobalSection(SolutionProperties) = preSolution
		HideSolutionNode = FALSE
	EndGlobalSection
	GlobalSection(ExtensibilityGlobals) = postSolution
		SolutionGuid = {21F6F8DA-DF4E-4034-9A3D-E1F37CCC2E56}
	EndGlobalSection
EndGlobal
